
Microsoft Visual Studio Solution File, Format Version 12.00
# Visual Studio Version 16
VisualStudioVersion = 16.0.31129.286
MinimumVisualStudioVersion = 10.0.40219.1
Project("{FAE04EC0-301F-11D3-BF4B-00C04F79EFBC}") = "TriviaApp.UWP", "TriviaApp.UWP\TriviaApp.UWP.csproj", "{2DE2FEEF-C755-4850-81F8-74AC39387BBC}"
EndProject
Project("{FAE04EC0-301F-11D3-BF4B-00C04F79EFBC}") = "TriviaApp.Android", "TriviaApp.Android\TriviaApp.Android.csproj", "{1F4387D1-0AAD-458E-A353-756DC93C4F5A}"
EndProject
Project("{FAE04EC0-301F-11D3-BF4B-00C04F79EFBC}") = "TriviaApp.iOS", "TriviaApp.iOS\TriviaApp.iOS.csproj", "{8DC98D74-F937-4232-993A-FA61F9EF6099}"
EndProject
Project("{FAE04EC0-301F-11D3-BF4B-00C04F79EFBC}") = "TriviaApp", "TriviaApp\TriviaApp.csproj", "{E0449778-FCB5-49FD-BE9A-E0101D199FF1}"
EndProject
Global
	GlobalSection(SolutionConfigurationPlatforms) = preSolution
		Debug|Any CPU = Debug|Any CPU
		Debug|ARM = Debug|ARM
		Debug|iPhone = Debug|iPhone
		Debug|iPhoneSimulator = Debug|iPhoneSimulator
		Debug|x64 = Debug|x64
		Debug|x86 = Debug|x86
		Release|Any CPU = Release|Any CPU
		Release|ARM = Release|ARM
		Release|iPhone = Release|iPhone
		Release|iPhoneSimulator = Release|iPhoneSimulator
		Release|x64 = Release|x64
		Release|x86 = Release|x86
	EndGlobalSection
	GlobalSection(ProjectConfigurationPlatforms) = postSolution
		{2DE2FEEF-C755-4850-81F8-74AC39387BBC}.Debug|Any CPU.ActiveCfg = Debug|x86
		{2DE2FEEF-C755-4850-81F8-74AC39387BBC}.Debug|Any CPU.Build.0 = Debug|x86
		{2DE2FEEF-C755-4850-81F8-74AC39387BBC}.Debug|Any CPU.Deploy.0 = Debug|x86
		{2DE2FEEF-C755-4850-81F8-74AC39387BBC}.Debug|ARM.ActiveCfg = Debug|ARM
		{2DE2FEEF-C755-4850-81F8-74AC39387BBC}.Debug|ARM.Build.0 = Debug|ARM
		{2DE2FEEF-C755-4850-81F8-74AC39387BBC}.Debug|ARM.Deploy.0 = Debug|ARM
		{2DE2FEEF-C755-4850-81F8-74AC39387BBC}.Debug|iPhone.ActiveCfg = Debug|x86
		{2DE2FEEF-C755-4850-81F8-74AC39387BBC}.Debug|iPhone.Build.0 = Debug|x86
		{2DE2FEEF-C755-4850-81F8-74AC39387BBC}.Debug|iPhone.Deploy.0 = Debug|x86
		{2DE2FEEF-C755-4850-81F8-74AC39387BBC}.Debug|iPhoneSimulator.ActiveCfg = Debug|x86
		{2DE2FEEF-C755-4850-81F8-74AC39387BBC}.Debug|iPhoneSimulator.Build.0 = Debug|x86
		{2DE2FEEF-C755-4850-81F8-74AC39387BBC}.Debug|iPhoneSimulator.Deploy.0 = Debug|x86
		{2DE2FEEF-C755-4850-81F8-74AC39387BBC}.Debug|x64.ActiveCfg = Debug|x64
		{2DE2FEEF-C755-4850-81F8-74AC39387BBC}.Debug|x64.Build.0 = Debug|x64
		{2DE2FEEF-C755-4850-81F8-74AC39387BBC}.Debug|x64.Deploy.0 = Debug|x64
		{2DE2FEEF-C755-4850-81F8-74AC39387BBC}.Debug|x86.ActiveCfg = Debug|x86
		{2DE2FEEF-C755-4850-81F8-74AC39387BBC}.Debug|x86.Build.0 = Debug|x86
		{2DE2FEEF-C755-4850-81F8-74AC39387BBC}.Debug|x86.Deploy.0 = Debug|x86
		{2DE2FEEF-C755-4850-81F8-74AC39387BBC}.Release|Any CPU.ActiveCfg = Release|x86
		{2DE2FEEF-C755-4850-81F8-74AC39387BBC}.Release|Any CPU.Build.0 = Release|x86
		{2DE2FEEF-C755-4850-81F8-74AC39387BBC}.Release|Any CPU.Deploy.0 = Release|x86
		{2DE2FEEF-C755-4850-81F8-74AC39387BBC}.Release|ARM.ActiveCfg = Release|ARM
		{2DE2FEEF-C755-4850-81F8-74AC39387BBC}.Release|ARM.Build.0 = Release|ARM
		{2DE2FEEF-C755-4850-81F8-74AC39387BBC}.Release|ARM.Deploy.0 = Release|ARM
		{2DE2FEEF-C755-4850-81F8-74AC39387BBC}.Release|iPhone.ActiveCfg = Release|x86
		{2DE2FEEF-C755-4850-81F8-74AC39387BBC}.Release|iPhone.Build.0 = Release|x86
		{2DE2FEEF-C755-4850-81F8-74AC39387BBC}.Release|iPhone.Deploy.0 = Release|x86
		{2DE2FEEF-C755-4850-81F8-74AC39387BBC}.Release|iPhoneSimulator.ActiveCfg = Release|x86
		{2DE2FEEF-C755-4850-81F8-74AC39387BBC}.Release|iPhoneSimulator.Build.0 = Release|x86
		{2DE2FEEF-C755-4850-81F8-74AC39387BBC}.Release|iPhoneSimulator.Deploy.0 = Release|x86
		{2DE2FEEF-C755-4850-81F8-74AC39387BBC}.Release|x64.ActiveCfg = Release|x64
		{2DE2FEEF-C755-4850-81F8-74AC39387BBC}.Release|x64.Build.0 = Release|x64
		{2DE2FEEF-C755-4850-81F8-74AC39387BBC}.Release|x64.Deploy.0 = Release|x64
		{2DE2FEEF-C755-4850-81F8-74AC39387BBC}.Release|x86.ActiveCfg = Release|x86
		{2DE2FEEF-C755-4850-81F8-74AC39387BBC}.Release|x86.Build.0 = Release|x86
		{2DE2FEEF-C755-4850-81F8-74AC39387BBC}.Release|x86.Deploy.0 = Release|x86
		{1F4387D1-0AAD-458E-A353-756DC93C4F5A}.Debug|Any CPU.ActiveCfg = Debug|Any CPU
		{1F4387D1-0AAD-458E-A353-756DC93C4F5A}.Debug|Any CPU.Build.0 = Debug|Any CPU
		{1F4387D1-0AAD-458E-A353-756DC93C4F5A}.Debug|Any CPU.Deploy.0 = Debug|Any CPU
		{1F4387D1-0AAD-458E-A353-756DC93C4F5A}.Debug|ARM.ActiveCfg = Debug|Any CPU
		{1F4387D1-0AAD-458E-A353-756DC93C4F5A}.Debug|ARM.Build.0 = Debug|Any CPU
		{1F4387D1-0AAD-458E-A353-756DC93C4F5A}.Debug|ARM.Deploy.0 = Debug|Any CPU
		{1F4387D1-0AAD-458E-A353-756DC93C4F5A}.Debug|iPhone.ActiveCfg = Debug|Any CPU
		{1F4387D1-0AAD-458E-A353-756DC93C4F5A}.Debug|iPhone.Build.0 = Debug|Any CPU
		{1F4387D1-0AAD-458E-A353-756DC93C4F5A}.Debug|iPhone.Deploy.0 = Debug|Any CPU
		{1F4387D1-0AAD-458E-A353-756DC93C4F5A}.Debug|iPhoneSimulator.ActiveCfg = Debug|Any CPU
		{1F4387D1-0AAD-458E-A353-756DC93C4F5A}.Debug|iPhoneSimulator.Build.0 = Debug|Any CPU
		{1F4387D1-0AAD-458E-A353-756DC93C4F5A}.Debug|iPhoneSimulator.Deploy.0 = Debug|Any CPU
		{1F4387D1-0AAD-458E-A353-756DC93C4F5A}.Debug|x64.ActiveCfg = Debug|Any CPU
		{1F4387D1-0AAD-458E-A353-756DC93C4F5A}.Debug|x64.Build.0 = Debug|Any CPU
		{1F4387D1-0AAD-458E-A353-756DC93C4F5A}.Debug|x64.Deploy.0 = Debug|Any CPU
		{1F4387D1-0AAD-458E-A353-756DC93C4F5A}.Debug|x86.ActiveCfg = Debug|Any CPU
		{1F4387D1-0AAD-458E-A353-756DC93C4F5A}.Debug|x86.Build.0 = Debug|Any CPU
		{1F4387D1-0AAD-458E-A353-756DC93C4F5A}.Debug|x86.Deploy.0 = Debug|Any CPU
		{1F4387D1-0AAD-458E-A353-756DC93C4F5A}.Release|Any CPU.ActiveCfg = Release|Any CPU
		{1F4387D1-0AAD-458E-A353-756DC93C4F5A}.Release|Any CPU.Build.0 = Release|Any CPU
		{1F4387D1-0AAD-458E-A353-756DC93C4F5A}.Release|Any CPU.Deploy.0 = Release|Any CPU
		{1F4387D1-0AAD-458E-A353-756DC93C4F5A}.Release|ARM.ActiveCfg = Release|Any CPU
		{1F4387D1-0AAD-458E-A353-756DC93C4F5A}.Release|ARM.Build.0 = Release|Any CPU
		{1F4387D1-0AAD-458E-A353-756DC93C4F5A}.Release|ARM.Deploy.0 = Release|Any CPU
		{1F4387D1-0AAD-458E-A353-756DC93C4F5A}.Release|iPhone.ActiveCfg = Release|Any CPU
		{1F4387D1-0AAD-458E-A353-756DC93C4F5A}.Release|iPhone.Build.0 = Release|Any CPU
		{1F4387D1-0AAD-458E-A353-756DC93C4F5A}.Release|iPhone.Deploy.0 = Release|Any CPU
		{1F4387D1-0AAD-458E-A353-756DC93C4F5A}.Release|iPhoneSimulator.ActiveCfg = Release|Any CPU
		{1F4387D1-0AAD-458E-A353-756DC93C4F5A}.Release|iPhoneSimulator.Build.0 = Release|Any CPU
		{1F4387D1-0AAD-458E-A353-756DC93C4F5A}.Release|iPhoneSimulator.Deploy.0 = Release|Any CPU
		{1F4387D1-0AAD-458E-A353-756DC93C4F5A}.Release|x64.ActiveCfg = Release|Any CPU
		{1F4387D1-0AAD-458E-A353-756DC93C4F5A}.Release|x64.Build.0 = Release|Any CPU
		{1F4387D1-0AAD-458E-A353-756DC93C4F5A}.Release|x64.Deploy.0 = Release|Any CPU
		{1F4387D1-0AAD-458E-A353-756DC93C4F5A}.Release|x86.ActiveCfg = Release|Any CPU
		{1F4387D1-0AAD-458E-A353-756DC93C4F5A}.Release|x86.Build.0 = Release|Any CPU
		{1F4387D1-0AAD-458E-A353-756DC93C4F5A}.Release|x86.Deploy.0 = Release|Any CPU
		{8DC98D74-F937-4232-993A-FA61F9EF6099}.Debug|Any CPU.ActiveCfg = Debug|iPhoneSimulator
		{8DC98D74-F937-4232-993A-FA61F9EF6099}.Debug|Any CPU.Build.0 = Debug|iPhoneSimulator
		{8DC98D74-F937-4232-993A-FA61F9EF6099}.Debug|Any CPU.Deploy.0 = Debug|iPhoneSimulator
		{8DC98D74-F937-4232-993A-FA61F9EF6099}.Debug|ARM.ActiveCfg = Debug|iPhone
		{8DC98D74-F937-4232-993A-FA61F9EF6099}.Debug|ARM.Build.0 = Debug|iPhone
		{8DC98D74-F937-4232-993A-FA61F9EF6099}.Debug|ARM.Deploy.0 = Debug|iPhone
		{8DC98D74-F937-4232-993A-FA61F9EF6099}.Debug|iPhone.ActiveCfg = Debug|iPhone
		{8DC98D74-F937-4232-993A-FA61F9EF6099}.Debug|iPhone.Build.0 = Debug|iPhone
		{8DC98D74-F937-4232-993A-FA61F9EF6099}.Debug|iPhone.Deploy.0 = Debug|iPhone
		{8DC98D74-F937-4232-993A-FA61F9EF6099}.Debug|iPhoneSimulator.ActiveCfg = Debug|iPhoneSimulator
		{8DC98D74-F937-4232-993A-FA61F9EF6099}.Debug|iPhoneSimulator.Build.0 = Debug|iPhoneSimulator
		{8DC98D74-F937-4232-993A-FA61F9EF6099}.Debug|iPhoneSimulator.Deploy.0 = Debug|iPhoneSimulator
		{8DC98D74-F937-4232-993A-FA61F9EF6099}.Debug|x64.ActiveCfg = Debug|iPhoneSimulator
		{8DC98D74-F937-4232-993A-FA61F9EF6099}.Debug|x64.Build.0 = Debug|iPhoneSimulator
		{8DC98D74-F937-4232-993A-FA61F9EF6099}.Debug|x64.Deploy.0 = Debug|iPhoneSimulator
		{8DC98D74-F937-4232-993A-FA61F9EF6099}.Debug|x86.ActiveCfg = Debug|iPhoneSimulator
		{8DC98D74-F937-4232-993A-FA61F9EF6099}.Debug|x86.Build.0 = Debug|iPhoneSimulator
		{8DC98D74-F937-4232-993A-FA61F9EF6099}.Debug|x86.Deploy.0 = Debug|iPhoneSimulator
		{8DC98D74-F937-4232-993A-FA61F9EF6099}.Release|Any CPU.ActiveCfg = Release|iPhoneSimulator
		{8DC98D74-F937-4232-993A-FA61F9EF6099}.Release|Any CPU.Build.0 = Release|iPhoneSimulator
		{8DC98D74-F937-4232-993A-FA61F9EF6099}.Release|Any CPU.Deploy.0 = Release|iPhoneSimulator
		{8DC98D74-F937-4232-993A-FA61F9EF6099}.Release|ARM.ActiveCfg = Release|iPhoneSimulator
		{8DC98D74-F937-4232-993A-FA61F9EF6099}.Release|ARM.Build.0 = Release|iPhoneSimulator
		{8DC98D74-F937-4232-993A-FA61F9EF6099}.Release|ARM.Deploy.0 = Release|iPhoneSimulator
		{8DC98D74-F937-4232-993A-FA61F9EF6099}.Release|iPhone.ActiveCfg = Release|iPhone
		{8DC98D74-F937-4232-993A-FA61F9EF6099}.Release|iPhone.Build.0 = Release|iPhone
		{8DC98D74-F937-4232-993A-FA61F9EF6099}.Release|iPhone.Deploy.0 = Release|iPhone
		{8DC98D74-F937-4232-993A-FA61F9EF6099}.Release|iPhoneSimulator.ActiveCfg = Release|iPhoneSimulator
		{8DC98D74-F937-4232-993A-FA61F9EF6099}.Release|iPhoneSimulator.Build.0 = Release|iPhoneSimulator
		{8DC98D74-F937-4232-993A-FA61F9EF6099}.Release|iPhoneSimulator.Deploy.0 = Release|iPhoneSimulator
		{8DC98D74-F937-4232-993A-FA61F9EF6099}.Release|x64.ActiveCfg = Release|iPhoneSimulator
		{8DC98D74-F937-4232-993A-FA61F9EF6099}.Release|x64.Build.0 = Release|iPhoneSimulator
		{8DC98D74-F937-4232-993A-FA61F9EF6099}.Release|x64.Deploy.0 = Release|iPhoneSimulator
		{8DC98D74-F937-4232-993A-FA61F9EF6099}.Release|x86.ActiveCfg = Release|iPhoneSimulator
		{8DC98D74-F937-4232-993A-FA61F9EF6099}.Release|x86.Build.0 = Release|iPhoneSimulator
		{8DC98D74-F937-4232-993A-FA61F9EF6099}.Release|x86.Deploy.0 = Release|iPhoneSimulator
		{E0449778-FCB5-49FD-BE9A-E0101D199FF1}.Debug|Any CPU.ActiveCfg = Debug|Any CPU
		{E0449778-FCB5-49FD-BE9A-E0101D199FF1}.Debug|Any CPU.Build.0 = Debug|Any CPU
		{E0449778-FCB5-49FD-BE9A-E0101D199FF1}.Debug|Any CPU.Deploy.0 = Debug|Any CPU
		{E0449778-FCB5-49FD-BE9A-E0101D199FF1}.Debug|ARM.ActiveCfg = Debug|Any CPU
		{E0449778-FCB5-49FD-BE9A-E0101D199FF1}.Debug|ARM.Build.0 = Debug|Any CPU
		{E0449778-FCB5-49FD-BE9A-E0101D199FF1}.Debug|ARM.Deploy.0 = Debug|Any CPU
		{E0449778-FCB5-49FD-BE9A-E0101D199FF1}.Debug|iPhone.ActiveCfg = Debug|Any CPU
		{E0449778-FCB5-49FD-BE9A-E0101D199FF1}.Debug|iPhone.Build.0 = Debug|Any CPU
		{E0449778-FCB5-49FD-BE9A-E0101D199FF1}.Debug|iPhone.Deploy.0 = Debug|Any CPU
		{E0449778-FCB5-49FD-BE9A-E0101D199FF1}.Debug|iPhoneSimulator.ActiveCfg = Debug|Any CPU
		{E0449778-FCB5-49FD-BE9A-E0101D199FF1}.Debug|iPhoneSimulator.Build.0 = Debug|Any CPU
		{E0449778-FCB5-49FD-BE9A-E0101D199FF1}.Debug|iPhoneSimulator.Deploy.0 = Debug|Any CPU
		{E0449778-FCB5-49FD-BE9A-E0101D199FF1}.Debug|x64.ActiveCfg = Debug|Any CPU
		{E0449778-FCB5-49FD-BE9A-E0101D199FF1}.Debug|x64.Build.0 = Debug|Any CPU
		{E0449778-FCB5-49FD-BE9A-E0101D199FF1}.Debug|x64.Deploy.0 = Debug|Any CPU
		{E0449778-FCB5-49FD-BE9A-E0101D199FF1}.Debug|x86.ActiveCfg = Debug|Any CPU
		{E0449778-FCB5-49FD-BE9A-E0101D199FF1}.Debug|x86.Build.0 = Debug|Any CPU
		{E0449778-FCB5-49FD-BE9A-E0101D199FF1}.Debug|x86.Deploy.0 = Debug|Any CPU
		{E0449778-FCB5-49FD-BE9A-E0101D199FF1}.Release|Any CPU.ActiveCfg = Release|Any CPU
		{E0449778-FCB5-49FD-BE9A-E0101D199FF1}.Release|Any CPU.Build.0 = Release|Any CPU
		{E0449778-FCB5-49FD-BE9A-E0101D199FF1}.Release|Any CPU.Deploy.0 = Release|Any CPU
		{E0449778-FCB5-49FD-BE9A-E0101D199FF1}.Release|ARM.ActiveCfg = Release|Any CPU
		{E0449778-FCB5-49FD-BE9A-E0101D199FF1}.Release|ARM.Build.0 = Release|Any CPU
		{E0449778-FCB5-49FD-BE9A-E0101D199FF1}.Release|ARM.Deploy.0 = Release|Any CPU
		{E0449778-FCB5-49FD-BE9A-E0101D199FF1}.Release|iPhone.ActiveCfg = Release|Any CPU
		{E0449778-FCB5-49FD-BE9A-E0101D199FF1}.Release|iPhone.Build.0 = Release|Any CPU
		{E0449778-FCB5-49FD-BE9A-E0101D199FF1}.Release|iPhone.Deploy.0 = Release|Any CPU
		{E0449778-FCB5-49FD-BE9A-E0101D199FF1}.Release|iPhoneSimulator.ActiveCfg = Release|Any CPU
		{E0449778-FCB5-49FD-BE9A-E0101D199FF1}.Release|iPhoneSimulator.Build.0 = Release|Any CPU
		{E0449778-FCB5-49FD-BE9A-E0101D199FF1}.Release|iPhoneSimulator.Deploy.0 = Release|Any CPU
		{E0449778-FCB5-49FD-BE9A-E0101D199FF1}.Release|x64.ActiveCfg = Release|Any CPU
		{E0449778-FCB5-49FD-BE9A-E0101D199FF1}.Release|x64.Build.0 = Release|Any CPU
		{E0449778-FCB5-49FD-BE9A-E0101D199FF1}.Release|x64.Deploy.0 = Release|Any CPU
		{E0449778-FCB5-49FD-BE9A-E0101D199FF1}.Release|x86.ActiveCfg = Release|Any CPU
		{E0449778-FCB5-49FD-BE9A-E0101D199FF1}.Release|x86.Build.0 = Release|Any CPU
		{E0449778-FCB5-49FD-BE9A-E0101D199FF1}.Release|x86.Deploy.0 = Release|Any CPU
	EndGlobalSection
	GlobalSection(SolutionProperties) = preSolution
		HideSolutionNode = FALSE
	EndGlobalSection
	GlobalSection(ExtensibilityGlobals) = postSolution
		SolutionGuid = {352A18B3-12E3-4C12-91D1-BBE446B442A3}
	EndGlobalSection
EndGlobal
